
Microsoft Visual Studio Solution File, Format Version 12.00
# Visual Studio 15
VisualStudioVersion = 15.0.28010.2041
MinimumVisualStudioVersion = 10.0.40219.1
Project("{F184B08F-C81C-45F6-A57F-5ABD9991F28F}") = "AutoLister", "WindowsApp1\AutoLister.vbproj", "{6A5C7C6E-466B-4E95-8C47-A6419859374D}"
EndProject
Global
	GlobalSection(SolutionConfigurationPlatforms) = preSolution
		Debug|Any CPU = Debug|Any CPU
		Release|Any CPU = Release|Any CPU
	EndGlobalSection
	GlobalSection(ProjectConfigurationPlatforms) = postSolution
		{6A5C7C6E-466B-4E95-8C47-A6419859374D}.Debug|Any CPU.ActiveCfg = Debug|Any CPU
		{6A5C7C6E-466B-4E95-8C47-A6419859374D}.Debug|Any CPU.Build.0 = Debug|Any CPU
		{6A5C7C6E-466B-4E95-8C47-A6419859374D}.Release|Any CPU.ActiveCfg = Release|Any CPU
		{6A5C7C6E-466B-4E95-8C47-A6419859374D}.Release|Any CPU.Build.0 = Release|Any CPU
	EndGlobalSection
	GlobalSection(SolutionProperties) = preSolution
		HideSolutionNode = FALSE
	EndGlobalSection
	GlobalSection(ExtensibilityGlobals) = postSolution
		SolutionGuid = {0CE69520-DD23-4DCE-BC3E-53F70AF53340}
	EndGlobalSection
EndGlobal
